schema: '2.0'
stages:
  data_ingestion:
    cmd: python src/cnnClassifier/pipeline/stage_01_data_ingestion.py
    deps:
    - path: config/config.yaml
      hash: md5
      md5: 1b3511d87fcd42659da203d431117698
      size: 567
    - path: src/cnnClassifier/pipeline/stage_01_data_ingestion.py
      hash: md5
      md5: 80bf4498f65a358cb425ddbbb2f8683a
      size: 880
    outs:
    - path: artifacts/data_ingestion/CT-KIDNEY-DATASET-Normal-Cyst-Tumor-Stone
      hash: md5
      md5: b8e37ebf11af1fc5436b6d43a584a887.dir
      size: 1661593210
      nfiles: 12447
  prepare_base_model:
    cmd: python src/cnnClassifier/pipeline/stage_02_prep_base_model.py
    deps:
    - path: config/config.yaml
      hash: md5
      md5: 1b3511d87fcd42659da203d431117698
      size: 567
    - path: src/cnnClassifier/pipeline/stage_02_prep_base_model.py
      hash: md5
      md5: 5349f569126bbaba6b7f6d79bf86776e
      size: 969
    params:
      params.yaml:
        CLASSES: 4
        IMAGE_SIZE:
        - 224
        - 224
        - 3
        INCLUDE_TOP: false
        LEARNING_RATE: 0.0001
        WEIGHTS: imagenet
    outs:
    - path: artifacts/prepare_base_model
      hash: md5
      md5: 06b5455028180d39dc19d57aeb51288d.dir
      size: 118258808
      nfiles: 2
  training:
    cmd: python src/cnnClassifier/pipeline/stage_03_model_training.py
    deps:
    - path: artifacts/data_ingestion/CT-KIDNEY-DATASET-Normal-Cyst-Tumor-Stone
      hash: md5
      md5: b8e37ebf11af1fc5436b6d43a584a887.dir
      size: 1661593210
      nfiles: 12447
    - path: artifacts/prepare_base_model
      hash: md5
      md5: 06b5455028180d39dc19d57aeb51288d.dir
      size: 118258808
      nfiles: 2
    - path: config/config.yaml
      hash: md5
      md5: 1b3511d87fcd42659da203d431117698
      size: 567
    - path: src/cnnClassifier/pipeline/stage_03_model_training.py
      hash: md5
      md5: a629bed30c2cd33541a9c0715d49b808
      size: 890
    params:
      params.yaml:
        AUGMENTATION: true
        BATCH_SIZE: 8
        EPOCHS: 15
        IMAGE_SIZE:
        - 224
        - 224
        - 3
    outs:
    - path: artifacts/training/model.h5
      hash: md5
      md5: 8b6e060c6163b36263d2c3dba05182a5
      size: 60146336
  evaluation:
    cmd: python src/cnnClassifier/pipeline/stage_04_model_evaluation_mlflow.py
    deps:
    - path: artifacts/data_ingestion/CT-KIDNEY-DATASET-Normal-Cyst-Tumor-Stone
      hash: md5
      md5: b8e37ebf11af1fc5436b6d43a584a887.dir
      size: 1661593210
      nfiles: 12447
    - path: artifacts/training/model.h5
      hash: md5
      md5: 8b6e060c6163b36263d2c3dba05182a5
      size: 60146336
    - path: config/config.yaml
      hash: md5
      md5: 1b3511d87fcd42659da203d431117698
      size: 567
    - path: src/cnnClassifier/pipeline/stage_04_model_evaluation_mlflow.py
      hash: md5
      md5: 5d8de9d681a9e8763d6fc01c12a4d7f3
      size: 900
    params:
      params.yaml:
        BATCH_SIZE: 8
        IMAGE_SIZE:
        - 224
        - 224
        - 3
    outs:
    - path: scores.json
      hash: md5
      md5: f5fd11afb8e1d471518445ebbabf98fa
      size: 70
